// !$*UTF8*$!
{
	archiveVersion = 1;
	classes = {
	};
	objectVersion = 46;
	objects = {

/* Begin PBXBuildFile section */
		322097651B1EA4DD00D35D22 /* AppDelegate.swift in Sources */ = {isa = PBXBuildFile; fileRef = 322097641B1EA4DD00D35D22 /* AppDelegate.swift */; };
		322097671B1EA4DD00D35D22 /* ViewController.swift in Sources */ = {isa = PBXBuildFile; fileRef = 322097661B1EA4DD00D35D22 /* ViewController.swift */; };
		3220976A1B1EA4DD00D35D22 /* Main.storyboard in Resources */ = {isa = PBXBuildFile; fileRef = 322097681B1EA4DD00D35D22 /* Main.storyboard */; };
		3220976C1B1EA4DD00D35D22 /* Images.xcassets in Resources */ = {isa = PBXBuildFile; fileRef = 3220976B1B1EA4DD00D35D22 /* Images.xcassets */; };
		3220976F1B1EA4DD00D35D22 /* LaunchScreen.xib in Resources */ = {isa = PBXBuildFile; fileRef = 3220976D1B1EA4DD00D35D22 /* LaunchScreen.xib */; };
		3220977B1B1EA4DD00D35D22 /* countUpTests.swift in Sources */ = {isa = PBXBuildFile; fileRef = 3220977A1B1EA4DD00D35D22 /* countUpTests.swift */; };
/* End PBXBuildFile section */

/* Begin PBXContainerItemProxy section */
		322097751B1EA4DD00D35D22 /* PBXContainerItemProxy */ = {
			isa = PBXContainerItemProxy;
			containerPortal = 322097571B1EA4DD00D35D22 /* Project object */;
			proxyType = 1;
			remoteGlobalIDString = 3220975E1B1EA4DD00D35D22;
			remoteInfo = countUp;
		};
/* End PBXContainerItemProxy section */

/* Begin PBXFileReference section */
		3220975F1B1EA4DD00D35D22 /* countUp.app */ = {isa = PBXFileReference; explicitFileType = wrapper.application; includeInIndex = 0; path = countUp.app; sourceTree = BUILT_PRODUCTS_DIR; };
		322097631B1EA4DD00D35D22 /* Info.plist */ = {isa = PBXFileReference; lastKnownFileType = text.plist.xml; path = Info.plist; sourceTree = "<group>"; };
		322097641B1EA4DD00D35D22 /* AppDelegate.swift */ = {isa = PBXFileReference; lastKnownFileType = sourcecode.swift; path = AppDelegate.swift; sourceTree = "<group>"; };
		322097661B1EA4DD00D35D22 /* ViewController.swift */ = {isa = PBXFileReference; lastKnownFileType = sourcecode.swift; path = ViewController.swift; sourceTree = "<group>"; };
		322097691B1EA4DD00D35D22 /* Base */ = {isa = PBXFileReference; lastKnownFileType = file.storyboard; name = Base; path = Base.lproj/Main.storyboard; sourceTree = "<group>"; };
		3220976B1B1EA4DD00D35D22 /* Images.xcassets */ = {isa = PBXFileReference; lastKnownFileType = folder.assetcatalog; path = Images.xcassets; sourceTree = "<group>"; };
		3220976E1B1EA4DD00D35D22 /* Base */ = {isa = PBXFileReference; lastKnownFileType = file.xib; name = Base; path = Base.lproj/LaunchScreen.xib; sourceTree = "<group>"; };
		322097741B1EA4DD00D35D22 /* countUpTests.xctest */ = {isa = PBXFileReference; explicitFileType = wrapper.cfbundle; includeInIndex = 0; path = countUpTests.xctest; sourceTree = BUILT_PRODUCTS_DIR; };
		322097791B1EA4DD00D35D22 /* Info.plist */ = {isa = PBXFileReference; lastKnownFileType = text.plist.xml; path = Info.plist; sourceTree = "<group>"; };
		3220977A1B1EA4DD00D35D22 /* countUpTests.swift */ = {isa = PBXFileReference; lastKnownFileType = sourcecode.swift; path = countUpTests.swift; sourceTree = "<group>"; };
/* End PBXFileReference section */

/* Begin PBXFrameworksBuildPhase section */
		3220975C1B1EA4DD00D35D22 /* Frameworks */ = {
			isa = PBXFrameworksBuildPhase;
			buildActionMask = 2147483647;
			files = (
			);
			runOnlyForDeploymentPostprocessing = 0;
		};
		322097711B1EA4DD00D35D22 /* Frameworks */ = {
			isa = PBXFrameworksBuildPhase;
			buildActionMask = 2147483647;
			files = (
			);
			runOnlyForDeploymentPostprocessing = 0;
		};
/* End PBXFrameworksBuildPhase section */

/* Begin PBXGroup section */
		322097561B1EA4DD00D35D22 = {
			isa = PBXGroup;
			children = (
				322097611B1EA4DD00D35D22 /* countUp */,
				322097771B1EA4DD00D35D22 /* countUpTests */,
				322097601B1EA4DD00D35D22 /* Products */,
			);
			sourceTree = "<group>";
		};
		322097601B1EA4DD00D35D22 /* Products */ = {
			isa = PBXGroup;
			children = (
				3220975F1B1EA4DD00D35D22 /* countUp.app */,
				322097741B1EA4DD00D35D22 /* countUpTests.xctest */,
			);
			name = Products;
			sourceTree = "<group>";
		};
		322097611B1EA4DD00D35D22 /* countUp */ = {
			isa = PBXGroup;
			children = (
				322097641B1EA4DD00D35D22 /* AppDelegate.swift */,
				322097661B1EA4DD00D35D22 /* ViewController.swift */,
				322097681B1EA4DD00D35D22 /* Main.storyboard */,
				3220976B1B1EA4DD00D35D22 /* Images.xcassets */,
				3220976D1B1EA4DD00D35D22 /* LaunchScreen.xib */,
				322097621B1EA4DD00D35D22 /* Supporting Files */,
			);
			path = countUp;
			sourceTree = "<group>";
		};
		322097621B1EA4DD00D35D22 /* Supporting Files */ = {
			isa = PBXGroup;
			children = (
				322097631B1EA4DD00D35D22 /* Info.plist */,
			);
			name = "Supporting Files";
			sourceTree = "<group>";
		};
		322097771B1EA4DD00D35D22 /* countUpTests */ = {
			isa = PBXGroup;
			children = (
				3220977A1B1EA4DD00D35D22 /* countUpTests.swift */,
				322097781B1EA4DD00D35D22 /* Supporting Files */,
			);
			path = countUpTests;
			sourceTree = "<group>";
		};
		322097781B1EA4DD00D35D22 /* Supporting Files */ = {
			isa = PBXGroup;
			children = (
				322097791B1EA4DD00D35D22 /* Info.plist */,
			);
			name = "Supporting Files";
			sourceTree = "<group>";
		};
/* End PBXGroup section */

/* Begin PBXNativeTarget section */
		3220975E1B1EA4DD00D35D22 /* countUp */ = {
			isa = PBXNativeTarget;
			buildConfigurationList = 3220977E1B1EA4DD00D35D22 /* Build configuration list for PBXNativeTarget "countUp" */;
			buildPhases = (
				3220975B1B1EA4DD00D35D22 /* Sources */,
				3220975C1B1EA4DD00D35D22 /* Frameworks */,
				3220975D1B1EA4DD00D35D22 /* Resources */,
			);
			buildRules = (
			);
			dependencies = (
			);
			name = countUp;
			productName = countUp;
			productReference = 3220975F1B1EA4DD00D35D22 /* countUp.app */;
			productType = "com.apple.product-type.application";
		};
		322097731B1EA4DD00D35D22 /* countUpTests */ = {
			isa = PBXNativeTarget;
			buildConfigurationList = 322097811B1EA4DD00D35D22 /* Build configuration list for PBXNativeTarget "countUpTests" */;
			buildPhases = (
				322097701B1EA4DD00D35D22 /* Sources */,
				322097711B1EA4DD00D35D22 /* Frameworks */,
				322097721B1EA4DD00D35D22 /* Resources */,
			);
			buildRules = (
			);
			dependencies = (
				322097761B1EA4DD00D35D22 /* PBXTargetDependency */,
			);
			name = countUpTests;
			productName = countUpTests;
			productReference = 322097741B1EA4DD00D35D22 /* countUpTests.xctest */;
			productType = "com.apple.product-type.bundle.unit-test";
		};
/* End PBXNativeTarget section */

/* Begin PBXProject section */
		322097571B1EA4DD00D35D22 /* Project object */ = {
			isa = PBXProject;
			attributes = {
				LastUpgradeCheck = 0630;
				ORGANIZATIONNAME = "matsushita keita";
				TargetAttributes = {
					3220975E1B1EA4DD00D35D22 = {
						CreatedOnToolsVersion = 6.3.1;
					};
					322097731B1EA4DD00D35D22 = {
						CreatedOnToolsVersion = 6.3.1;
						TestTargetID = 3220975E1B1EA4DD00D35D22;
					};
				};
			};
			buildConfigurationList = 3220975A1B1EA4DD00D35D22 /* Build configuration list for PBXProject "countUp" */;
			compatibilityVersion = "Xcode 3.2";
			developmentRegion = English;
			hasScannedForEncodings = 0;
			knownRegions = (
				en,
				Base,
			);
			mainGroup = 322097561B1EA4DD00D35D22;
			productRefGroup = 322097601B1EA4DD00D35D22 /* Products */;
			projectDirPath = "";
			projectRoot = "";
			targets = (
				3220975E1B1EA4DD00D35D22 /* countUp */,
				322097731B1EA4DD00D35D22 /* countUpTests */,
			);
		};
/* End PBXProject section */

/* Begin PBXResourcesBuildPhase section */
		3220975D1B1EA4DD00D35D22 /* Resources */ = {
			isa = PBXResourcesBuildPhase;
			buildActionMask = 2147483647;
			files = (
				3220976A1B1EA4DD00D35D22 /* Main.storyboard in Resources */,
				3220976F1B1EA4DD00D35D22 /* LaunchScreen.xib in Resources */,
				3220976C1B1EA4DD00D35D22 /* Images.xcassets in Resources */,
			);
			runOnlyForDeploymentPostprocessing = 0;
		};
		322097721B1EA4DD00D35D22 /* Resources */ = {
			isa = PBXResourcesBuildPhase;
			buildActionMask = 2147483647;
			files = (
			);
			runOnlyForDeploymentPostprocessing = 0;
		};
/* End PBXResourcesBuildPhase section */

/* Begin PBXSourcesBuildPhase section */
		3220975B1B1EA4DD00D35D22 /* Sources */ = {
			isa = PBXSourcesBuildPhase;
			buildActionMask = 2147483647;
			files = (
				322097671B1EA4DD00D35D22 /* ViewController.swift in Sources */,
				322097651B1EA4DD00D35D22 /* AppDelegate.swift in Sources */,
			);
			runOnlyForDeploymentPostprocessing = 0;
		};
		322097701B1EA4DD00D35D22 /* Sources */ = {
			isa = PBXSourcesBuildPhase;
			buildActionMask = 2147483647;
			files = (
				3220977B1B1EA4DD00D35D22 /* countUpTests.swift in Sources */,
			);
			runOnlyForDeploymentPostprocessing = 0;
		};
/* End PBXSourcesBuildPhase section */

/* Begin PBXTargetDependency section */
		322097761B1EA4DD00D35D22 /* PBXTargetDependency */ = {
			isa = PBXTargetDependency;
			target = 3220975E1B1EA4DD00D35D22 /* countUp */;
			targetProxy = 322097751B1EA4DD00D35D22 /* PBXContainerItemProxy */;
		};
/* End PBXTargetDependency section */

/* Begin PBXVariantGroup section */
		322097681B1EA4DD00D35D22 /* Main.storyboard */ = {
			isa = PBXVariantGroup;
			children = (
				322097691B1EA4DD00D35D22 /* Base */,
			);
			name = Main.storyboard;
			sourceTree = "<group>";
		};
		3220976D1B1EA4DD00D35D22 /* LaunchScreen.xib */ = {
			isa = PBXVariantGroup;
			children = (
				3220976E1B1EA4DD00D35D22 /* Base */,
			);
			name = LaunchScreen.xib;
			sourceTree = "<group>";
		};
/* End PBXVariantGroup section */

/* Begin XCBuildConfiguration section */
		3220977C1B1EA4DD00D35D22 /* Debug */ = {
			isa = XCBuildConfiguration;
			buildSettings = {
				ALWAYS_SEARCH_USER_PATHS = NO;
				CLANG_CXX_LANGUAGE_STANDARD = "gnu++0x";
				CLANG_CXX_LIBRARY = "libc++";
				CLANG_ENABLE_MODULES = YES;
				CLANG_ENABLE_OBJC_ARC = YES;
				CLANG_WARN_BOOL_CONVERSION = YES;
				CLANG_WARN_CONSTANT_CONVERSION = YES;
				CLANG_WARN_DIRECT_OBJC_ISA_USAGE = YES_ERROR;
				CLANG_WARN_EMPTY_BODY = YES;
				CLANG_WARN_ENUM_CONVERSION = YES;
				CLANG_WARN_INT_CONVERSION = YES;
				CLANG_WARN_OBJC_ROOT_CLASS = YES_ERROR;
				CLANG_WARN_UNREACHABLE_CODE = YES;
				CLANG_WARN__DUPLICATE_METHOD_MATCH = YES;
				"CODE_SIGN_IDENTITY[sdk=iphoneos*]" = "iPhone Developer";
				COPY_PHASE_STRIP = NO;
				DEBUG_INFORMATION_FORMAT = "dwarf-with-dsym";
				ENABLE_STRICT_OBJC_MSGSEND = YES;
				GCC_C_LANGUAGE_STANDARD = gnu99;
				GCC_DYNAMIC_NO_PIC = NO;
				GCC_NO_COMMON_BLOCKS = YES;
				GCC_OPTIMIZATION_LEVEL = 0;
				GCC_PREPROCESSOR_DEFINITIONS = (
					"DEBUG=1",
					"$(inherited)",
				);
				GCC_SYMBOLS_PRIVATE_EXTERN = NO;
				GCC_WARN_64_TO_32_BIT_CONVERSION = YES;
				GCC_WARN_ABOUT_RETURN_TYPE = YES_ERROR;
				GCC_WARN_UNDECLARED_SELECTOR = YES;
				GCC_WARN_UNINITIALIZED_AUTOS = YES_AGGRESSIVE;
				GCC_WARN_UNUSED_FUNCTION = YES;
				GCC_WARN_UNUSED_VARIABLE = YES;
				IPHONEOS_DEPLOYMENT_TARGET = 8.3;
				MTL_ENABLE_DEBUG_INFO = YES;
				ONLY_ACTIVE_ARCH = YES;
				SDKROOT = iphoneos;
				SWIFT_OPTIMIZATION_LEVEL = "-Onone";
			};
			name = Debug;
		};
		3220977D1B1EA4DD00D35D22 /* Release */ = {
			isa = XCBuildConfiguration;
			buildSettings = {
				ALWAYS_SEARCH_USER_PATHS = NO;
				CLANG_CXX_LANGUAGE_STANDARD = "gnu++0x";
				CLANG_CXX_LIBRARY = "libc++";
				CLANG_ENABLE_MODULES = YES;
				CLANG_ENABLE_OBJC_ARC = YES;
				CLANG_WARN_BOOL_CONVERSION = YES;
				CLANG_WARN_CONSTANT_CONVERSION = YES;
				CLANG_WARN_DIRECT_OBJC_ISA_USAGE = YES_ERROR;
				CLANG_WARN_EMPTY_BODY = YES;
				CLANG_WARN_ENUM_CONVERSION = YES;
				CLANG_WARN_INT_CONVERSION = YES;
				CLANG_WARN_OBJC_ROOT_CLASS = YES_ERROR;
				CLANG_WARN_UNREACHABLE_CODE = YES;
				CLANG_WARN__DUPLICATE_METHOD_MATCH = YES;
				"CODE_SIGN_IDENTITY[sdk=iphoneos*]" = "iPhone Developer";
				COPY_PHASE_STRIP = NO;
				DEBUG_INFORMATION_FORMAT = "dwarf-with-dsym";
				ENABLE_NS_ASSERTIONS = NO;
				ENABLE_STRICT_OBJC_MSGSEND = YES;
				GCC_C_LANGUAGE_STANDARD = gnu99;
				GCC_NO_COMMON_BLOCKS = YES;
				GCC_WARN_64_TO_32_BIT_CONVERSION = YES;
				GCC_WARN_ABOUT_RETURN_TYPE = YES_ERROR;
				GCC_WARN_UNDECLARED_SELECTOR = YES;
				GCC_WARN_UNINITIALIZED_AUTOS = YES_AGGRESSIVE;
				GCC_WARN_UNUSED_FUNCTION = YES;
				GCC_WARN_UNUSED_VARIABLE = YES;
				IPHONEOS_DEPLOYMENT_TARGET = 8.3;
				MTL_ENABLE_DEBUG_INFO = NO;
				SDKROOT = iphoneos;
				VALIDATE_PRODUCT = YES;
			};
			name = Release;
		};
		3220977F1B1EA4DD00D35D22 /* Debug */ = {
			isa = XCBuildConfiguration;
			buildSettings = {
				ASSETCATALOG_COMPILER_APPICON_NAME = AppIcon;
				INFOPLIST_FILE = countUp/Info.plist;
				LD_RUNPATH_SEARCH_PATHS = "$(inherited) @executable_path/Frameworks";
				PRODUCT_NAME = "$(TARGET_NAME)";
			};
			name = Debug;
		};
		322097801B1EA4DD00D35D22 /* Release */ = {
			isa = XCBuildConfiguration;
			buildSettings = {
				ASSETCATALOG_COMPILER_APPICON_NAME = AppIcon;
				INFOPLIST_FILE = countUp/Info.plist;
				LD_RUNPATH_SEARCH_PATHS = "$(inherited) @executable_path/Frameworks";
				PRODUCT_NAME = "$(TARGET_NAME)";
			};
			name = Release;
		};
		322097821B1EA4DD00D35D22 /* Debug */ = {
			isa = XCBuildConfiguration;
			buildSettings = {
				BUNDLE_LOADER = "$(TEST_HOST)";
				FRAMEWORK_SEARCH_PATHS = (
					"$(SDKROOT)/Developer/Library/Frameworks",
					"$(inherited)",
				);
				GCC_PREPROCESSOR_DEFINITIONS = (
					"DEBUG=1",
					"$(inherited)",
				);
				INFOPLIST_FILE = countUpTests/Info.plist;
				LD_RUNPATH_SEARCH_PATHS = "$(inherited) @executable_path/Frameworks @loader_path/Frameworks";
				PRODUCT_NAME = "$(TARGET_NAME)";
				TEST_HOST = "$(BUILT_PRODUCTS_DIR)/countUp.app/countUp";
			};
			name = Debug;
		};
		322097831B1EA4DD00D35D22 /* Release */ = {
			isa = XCBuildConfiguration;
			buildSettings = {
				BUNDLE_LOADER = "$(TEST_HOST)";
				FRAMEWORK_SEARCH_PATHS = (
					"$(SDKROOT)/Developer/Library/Frameworks",
					"$(inherited)",
				);
				INFOPLIST_FILE = countUpTests/Info.plist;
				LD_RUNPATH_SEARCH_PATHS = "$(inherited) @executable_path/Frameworks @loader_path/Frameworks";
				PRODUCT_NAME = "$(TARGET_NAME)";
				TEST_HOST = "$(BUILT_PRODUCTS_DIR)/countUp.app/countUp";
			};
			name = Release;
		};
/* End XCBuildConfiguration section */

/* Begin XCConfigurationList section */
		3220975A1B1EA4DD00D35D22 /* Build configuration list for PBXProject "countUp" */ = {
			isa = XCConfigurationList;
			buildConfigurations = (
				3220977C1B1EA4DD00D35D22 /* Debug */,
				3220977D1B1EA4DD00D35D22 /* Release */,
			);
			defaultConfigurationIsVisible = 0;
			defaultConfigurationName = Release;
		};
		3220977E1B1EA4DD00D35D22 /* Build configuration list for PBXNativeTarget "countUp" */ = {
			isa = XCConfigurationList;
			buildConfigurations = (
				3220977F1B1EA4DD00D35D22 /* Debug */,
				322097801B1EA4DD00D35D22 /* Release */,
			);
			defaultConfigurationIsVisible = 0;
		};
		322097811B1EA4DD00D35D22 /* Build configuration list for PBXNativeTarget "countUpTests" */ = {
			isa = XCConfigurationList;
			buildConfigurations = (
				322097821B1EA4DD00D35D22 /* Debug */,
				322097831B1EA4DD00D35D22 /* Release */,
			);
			defaultConfigurationIsVisible = 0;
		};
/* End XCConfigurationList section */
	};
	rootObject = 322097571B1EA4DD00D35D22 /* Project object */;
}
